# This file is automatically @generated by Cargo.
# It is not intended for manual editing.
version = 4

[[package]]
name = "codecs"
version = "0.0.0"
dependencies = [
 "protocol",
]

[[package]]
name = "protocol"
version = "0.0.0"

[[package]]
name = "server"
version = "0.0.0"
dependencies = [
 "codecs",
 "protocol",
 "store",
]

[[package]]
name = "store"
version = "0.0.0"
